{
  "name": "neo-agent-skills",
  "version": "0.1.17",
  "lockfileVersion": 3,
  "requires": true,
  "packages": {
    "": {
      "name": "neo-agent-skills",
      "version": "0.1.17",
      "license": "MIT",
      "dependencies": {
        "acorn": "^8.18.0",
        "semver": "^7.8.5"
      },
      "bin": {
        "neo-agent-skills-agents-md": "scripts/generate-agents-md.mjs",
        "neo-agent-skills-commit-authorship": "scripts/check-commit-authorship.mjs",
        "neo-agent-skills-materialize": "scripts/materialize-harness-skills.mjs",
        "neo-agent-skills-npm-overrides": "scripts/check-npm-overrides.mjs",
        "neo-agent-skills-pr-body": "scripts/check-pr-body.mjs",
        "neo-agent-skills-secrets": "scripts/check-secrets.mjs",
        "neo-agent-skills-substrate-size": "scripts/check-substrate-size.mjs",
        "neo-agent-skills-ticket-archaeology": "scripts/check-ticket-archaeology.mjs",
        "neo-agent-skills-workflow-concurrency": "scripts/check-workflow-concurrency.mjs"
      },
      "engines": {
        "node": ">=24.0.0"
      }
    },
    "node_modules/acorn": {
      "version": "8.18.0",
      "resolved": "https://registry.npmjs.org/acorn/-/acorn-8.18.0.tgz",
      "integrity": "sha512-lGq+9yr1/GuAWaVYIHRjvvySG5/4VfKIvC8EWxStPdcDh/Ka7FG3twP6v4d5BkravUilhIAsG4Qj83t02LWUPQ==",
      "license": "MIT",
      "bin": {
        "acorn": "bin/acorn"
      },
      "engines": {
        "node": ">=0.4.0"
      }
    },
    "node_modules/semver": {
      "version": "7.8.5",
      "resolved": "https://registry.npmjs.org/semver/-/semver-7.8.5.tgz",
      "integrity": "sha512-Y7/KDsb8LjooZpwaqGyulO6DQlksgCncchHGk+sZIY4SBvUocMBEFH5Ur1fI4dV+Jvl0w6cjvucaIi40puRioA==",
      "license": "ISC",
      "bin": {
        "semver": "bin/semver.js"
      },
      "engines": {
        "node": ">=10"
      }
    }
  }
}
